# THIS IS AN AUTOGENERATED FILE. DO NOT EDIT THIS FILE DIRECTLY.
# yarn lockfile v1


"@ts-stack/open-api-spec@^3.1.2-rc.1":
  version "3.1.2-rc.1"
  resolved "https://registry.yarnpkg.com/@ts-stack/open-api-spec/-/open-api-spec-3.1.2-rc.1.tgz#629371a92355eb93882e4e60ccfba0e209d6c7e4"
  integrity sha512-LSIh+XExm3ifwnMYq3LraYvgU1IHjuWW5eVZAyW43km0/+qlIcMLMWD3PyfN2UoNHYnKT4mupDlPBe/BJzX3Mg==
